
Microsoft Visual Studio Solution File, Format Version 12.00
# Visual Studio Version 16
VisualStudioVersion = 16.0.30011.22
MinimumVisualStudioVersion = 10.0.40219.1
Project("{FAE04EC0-301F-11D3-BF4B-00C04F79EFBC}") = "Array IndexOf() Kullanımı2", "Array IndexOf() Kullanımı2\Array IndexOf() Kullanımı2.csproj", "{A9557D40-9A76-4115-B49F-5A83695CCDBA}"
EndProject
Global
	GlobalSection(SolutionConfigurationPlatforms) = preSolution
		Debug|Any CPU = Debug|Any CPU
		Release|Any CPU = Release|Any CPU
	EndGlobalSection
	GlobalSection(ProjectConfigurationPlatforms) = postSolution
		{A9557D40-9A76-4115-B49F-5A83695CCDBA}.Debug|Any CPU.ActiveCfg = Debug|Any CPU
		{A9557D40-9A76-4115-B49F-5A83695CCDBA}.Debug|Any CPU.Build.0 = Debug|Any CPU
		{A9557D40-9A76-4115-B49F-5A83695CCDBA}.Release|Any CPU.ActiveCfg = Release|Any CPU
		{A9557D40-9A76-4115-B49F-5A83695CCDBA}.Release|Any CPU.Build.0 = Release|Any CPU
	EndGlobalSection
	GlobalSection(SolutionProperties) = preSolution
		HideSolutionNode = FALSE
	EndGlobalSection
	GlobalSection(ExtensibilityGlobals) = postSolution
		SolutionGuid = {F528C04D-A44A-4F3C-8362-FA05037745BF}
	EndGlobalSection
EndGlobal
