
Microsoft Visual Studio Solution File, Format Version 12.00
# Visual Studio Version 16
VisualStudioVersion = 16.0.31624.102
MinimumVisualStudioVersion = 10.0.40219.1
Project("{FAE04EC0-301F-11D3-BF4B-00C04F79EFBC}") = "pascal-ucgeni", "pascal-ucgeni\pascal-ucgeni.csproj", "{6A1C2858-48DF-4B2F-9912-361CD8710852}"
EndProject
Global
	GlobalSection(SolutionConfigurationPlatforms) = preSolution
		Debug|Any CPU = Debug|Any CPU
		Release|Any CPU = Release|Any CPU
	EndGlobalSection
	GlobalSection(ProjectConfigurationPlatforms) = postSolution
		{6A1C2858-48DF-4B2F-9912-361CD8710852}.Debug|Any CPU.ActiveCfg = Debug|Any CPU
		{6A1C2858-48DF-4B2F-9912-361CD8710852}.Debug|Any CPU.Build.0 = Debug|Any CPU
		{6A1C2858-48DF-4B2F-9912-361CD8710852}.Release|Any CPU.ActiveCfg = Release|Any CPU
		{6A1C2858-48DF-4B2F-9912-361CD8710852}.Release|Any CPU.Build.0 = Release|Any CPU
	EndGlobalSection
	GlobalSection(SolutionProperties) = preSolution
		HideSolutionNode = FALSE
	EndGlobalSection
	GlobalSection(ExtensibilityGlobals) = postSolution
		SolutionGuid = {9771F1C4-5A2A-43FB-BDFA-2EC8105C9091}
	EndGlobalSection
EndGlobal
